
Microsoft Visual Studio Solution File, Format Version 12.00
# TcXaeShell Solution File, Format Version 11.00
VisualStudioVersion = 17.10.35827.194
MinimumVisualStudioVersion = 10.0.40219.1
Project("{B1E792BE-AA5F-4E3C-8C82-674BF9C0715B}") = "TwinCAT Project25", "TwinCAT Project25.tsproj", "{E3DA4797-9274-4815-9B82-A73CC8C70478}"
EndProject
Project("{23D6B0B7-CBAA-4070-A2AF-F2FCE2506A3D}") = "TwinCAT Drive Manager 2 Project1", "..\TwinCAT Drive Manager 2 Project1\TwinCAT Drive Manager 2 Project1.tcdmproj", "{F5828BAE-01E9-4EB4-BD70-EE3611F05828}"
EndProject
Global
	GlobalSection(SolutionConfigurationPlatforms) = preSolution
		Debug|TwinCAT CE7 (ARMV7) = Debug|TwinCAT CE7 (ARMV7)
		Debug|TwinCAT OS (ARMT2) = Debug|TwinCAT OS (ARMT2)
		Debug|TwinCAT OS (ARMV7-A) = Debug|TwinCAT OS (ARMV7-A)
		Debug|TwinCAT OS (ARMV7-M) = Debug|TwinCAT OS (ARMV7-M)
		Debug|TwinCAT OS (ARMV8-A) = Debug|TwinCAT OS (ARMV8-A)
		Debug|TwinCAT OS (x64) = Debug|TwinCAT OS (x64)
		Debug|TwinCAT OS (x64-E) = Debug|TwinCAT OS (x64-E)
		Debug|TwinCAT RT (x64) = Debug|TwinCAT RT (x64)
		Debug|TwinCAT RT (x86) = Debug|TwinCAT RT (x86)
		Release|TwinCAT CE7 (ARMV7) = Release|TwinCAT CE7 (ARMV7)
		Release|TwinCAT OS (ARMT2) = Release|TwinCAT OS (ARMT2)
		Release|TwinCAT OS (ARMV7-A) = Release|TwinCAT OS (ARMV7-A)
		Release|TwinCAT OS (ARMV7-M) = Release|TwinCAT OS (ARMV7-M)
		Release|TwinCAT OS (ARMV8-A) = Release|TwinCAT OS (ARMV8-A)
		Release|TwinCAT OS (x64) = Release|TwinCAT OS (x64)
		Release|TwinCAT OS (x64-E) = Release|TwinCAT OS (x64-E)
		Release|TwinCAT RT (x64) = Release|TwinCAT RT (x64)
		Release|TwinCAT RT (x86) = Release|TwinCAT RT (x86)
	EndGlobalSection
	GlobalSection(ProjectConfigurationPlatforms) = postSolution
		{E3DA4797-9274-4815-9B82-A73CC8C70478}.Debug|TwinCAT CE7 (ARMV7).ActiveCfg = Debug|TwinCAT OS (ARMV7-A)
		{E3DA4797-9274-4815-9B82-A73CC8C70478}.Debug|TwinCAT CE7 (ARMV7).Build.0 = Debug|TwinCAT OS (ARMV7-A)
		{E3DA4797-9274-4815-9B82-A73CC8C70478}.Debug|TwinCAT OS (ARMT2).ActiveCfg = Debug|TwinCAT OS (x64-E)
		{E3DA4797-9274-4815-9B82-A73CC8C70478}.Debug|TwinCAT OS (ARMT2).Build.0 = Debug|TwinCAT OS (x64-E)
		{E3DA4797-9274-4815-9B82-A73CC8C70478}.Debug|TwinCAT OS (ARMV7-A).ActiveCfg = Debug|TwinCAT OS (ARMV7-A)
		{E3DA4797-9274-4815-9B82-A73CC8C70478}.Debug|TwinCAT OS (ARMV7-A).Build.0 = Debug|TwinCAT OS (ARMV7-A)
		{E3DA4797-9274-4815-9B82-A73CC8C70478}.Debug|TwinCAT OS (ARMV7-M).ActiveCfg = Debug|TwinCAT OS (ARMV7-M)
		{E3DA4797-9274-4815-9B82-A73CC8C70478}.Debug|TwinCAT OS (ARMV7-M).Build.0 = Debug|TwinCAT OS (ARMV7-M)
		{E3DA4797-9274-4815-9B82-A73CC8C70478}.Debug|TwinCAT OS (ARMV8-A).ActiveCfg = Debug|TwinCAT OS (ARMV8-A)
		{E3DA4797-9274-4815-9B82-A73CC8C70478}.Debug|TwinCAT OS (ARMV8-A).Build.0 = Debug|TwinCAT OS (ARMV8-A)
		{E3DA4797-9274-4815-9B82-A73CC8C70478}.Debug|TwinCAT OS (x64).ActiveCfg = Debug|TwinCAT OS (x64)
		{E3DA4797-9274-4815-9B82-A73CC8C70478}.Debug|TwinCAT OS (x64).Build.0 = Debug|TwinCAT OS (x64)
		{E3DA4797-9274-4815-9B82-A73CC8C70478}.Debug|TwinCAT OS (x64-E).ActiveCfg = Debug|TwinCAT OS (x64-E)
		{E3DA4797-9274-4815-9B82-A73CC8C70478}.Debug|TwinCAT OS (x64-E).Build.0 = Debug|TwinCAT OS (x64-E)
		{E3DA4797-9274-4815-9B82-A73CC8C70478}.Debug|TwinCAT RT (x64).ActiveCfg = Debug|TwinCAT RT (x64)
		{E3DA4797-9274-4815-9B82-A73CC8C70478}.Debug|TwinCAT RT (x64).Build.0 = Debug|TwinCAT RT (x64)
		{E3DA4797-9274-4815-9B82-A73CC8C70478}.Debug|TwinCAT RT (x86).ActiveCfg = Debug|TwinCAT RT (x86)
		{E3DA4797-9274-4815-9B82-A73CC8C70478}.Debug|TwinCAT RT (x86).Build.0 = Debug|TwinCAT RT (x86)
		{E3DA4797-9274-4815-9B82-A73CC8C70478}.Release|TwinCAT CE7 (ARMV7).ActiveCfg = Release|TwinCAT OS (ARMV7-A)
		{E3DA4797-9274-4815-9B82-A73CC8C70478}.Release|TwinCAT CE7 (ARMV7).Build.0 = Release|TwinCAT OS (ARMV7-A)
		{E3DA4797-9274-4815-9B82-A73CC8C70478}.Release|TwinCAT OS (ARMT2).ActiveCfg = Release|TwinCAT OS (x64-E)
		{E3DA4797-9274-4815-9B82-A73CC8C70478}.Release|TwinCAT OS (ARMT2).Build.0 = Release|TwinCAT OS (x64-E)
		{E3DA4797-9274-4815-9B82-A73CC8C70478}.Release|TwinCAT OS (ARMV7-A).ActiveCfg = Release|TwinCAT OS (ARMV7-A)
		{E3DA4797-9274-4815-9B82-A73CC8C70478}.Release|TwinCAT OS (ARMV7-A).Build.0 = Release|TwinCAT OS (ARMV7-A)
		{E3DA4797-9274-4815-9B82-A73CC8C70478}.Release|TwinCAT OS (ARMV7-M).ActiveCfg = Release|TwinCAT OS (ARMV7-M)
		{E3DA4797-9274-4815-9B82-A73CC8C70478}.Release|TwinCAT OS (ARMV7-M).Build.0 = Release|TwinCAT OS (ARMV7-M)
		{E3DA4797-9274-4815-9B82-A73CC8C70478}.Release|TwinCAT OS (ARMV8-A).ActiveCfg = Release|TwinCAT OS (ARMV8-A)
		{E3DA4797-9274-4815-9B82-A73CC8C70478}.Release|TwinCAT OS (ARMV8-A).Build.0 = Release|TwinCAT OS (ARMV8-A)
		{E3DA4797-9274-4815-9B82-A73CC8C70478}.Release|TwinCAT OS (x64).ActiveCfg = Release|TwinCAT OS (x64)
		{E3DA4797-9274-4815-9B82-A73CC8C70478}.Release|TwinCAT OS (x64).Build.0 = Release|TwinCAT OS (x64)
		{E3DA4797-9274-4815-9B82-A73CC8C70478}.Release|TwinCAT OS (x64-E).ActiveCfg = Release|TwinCAT OS (x64-E)
		{E3DA4797-9274-4815-9B82-A73CC8C70478}.Release|TwinCAT OS (x64-E).Build.0 = Release|TwinCAT OS (x64-E)
		{E3DA4797-9274-4815-9B82-A73CC8C70478}.Release|TwinCAT RT (x64).ActiveCfg = Release|TwinCAT RT (x64)
		{E3DA4797-9274-4815-9B82-A73CC8C70478}.Release|TwinCAT RT (x64).Build.0 = Release|TwinCAT RT (x64)
		{E3DA4797-9274-4815-9B82-A73CC8C70478}.Release|TwinCAT RT (x86).ActiveCfg = Release|TwinCAT RT (x86)
		{E3DA4797-9274-4815-9B82-A73CC8C70478}.Release|TwinCAT RT (x86).Build.0 = Release|TwinCAT RT (x86)
		{F5828BAE-01E9-4EB4-BD70-EE3611F05828}.Debug|TwinCAT CE7 (ARMV7).ActiveCfg = Debug|TwinCAT CE7 (ARMV7)
		{F5828BAE-01E9-4EB4-BD70-EE3611F05828}.Debug|TwinCAT OS (ARMT2).ActiveCfg = Debug|TwinCAT OS (ARMT2)
		{F5828BAE-01E9-4EB4-BD70-EE3611F05828}.Debug|TwinCAT OS (ARMV7-A).ActiveCfg = Debug|TwinCAT CE7 (ARMV7)
		{F5828BAE-01E9-4EB4-BD70-EE3611F05828}.Debug|TwinCAT OS (ARMV7-M).ActiveCfg = Debug|TwinCAT CE7 (ARMV7)
		{F5828BAE-01E9-4EB4-BD70-EE3611F05828}.Debug|TwinCAT OS (ARMV8-A).ActiveCfg = Debug|TwinCAT CE7 (ARMV7)
		{F5828BAE-01E9-4EB4-BD70-EE3611F05828}.Debug|TwinCAT OS (x64).ActiveCfg = Debug|TwinCAT OS (x64)
		{F5828BAE-01E9-4EB4-BD70-EE3611F05828}.Debug|TwinCAT OS (x64-E).ActiveCfg = Debug|TwinCAT CE7 (ARMV7)
		{F5828BAE-01E9-4EB4-BD70-EE3611F05828}.Debug|TwinCAT RT (x64).ActiveCfg = Debug|TwinCAT RT (x64)
		{F5828BAE-01E9-4EB4-BD70-EE3611F05828}.Debug|TwinCAT RT (x86).ActiveCfg = Debug|TwinCAT RT (x86)
		{F5828BAE-01E9-4EB4-BD70-EE3611F05828}.Release|TwinCAT CE7 (ARMV7).ActiveCfg = Release|TwinCAT CE7 (ARMV7)
		{F5828BAE-01E9-4EB4-BD70-EE3611F05828}.Release|TwinCAT OS (ARMT2).ActiveCfg = Release|TwinCAT OS (ARMT2)
		{F5828BAE-01E9-4EB4-BD70-EE3611F05828}.Release|TwinCAT OS (ARMV7-A).ActiveCfg = Release|TwinCAT CE7 (ARMV7)
		{F5828BAE-01E9-4EB4-BD70-EE3611F05828}.Release|TwinCAT OS (ARMV7-M).ActiveCfg = Release|TwinCAT CE7 (ARMV7)
		{F5828BAE-01E9-4EB4-BD70-EE3611F05828}.Release|TwinCAT OS (ARMV8-A).ActiveCfg = Release|TwinCAT CE7 (ARMV7)
		{F5828BAE-01E9-4EB4-BD70-EE3611F05828}.Release|TwinCAT OS (x64).ActiveCfg = Release|TwinCAT OS (x64)
		{F5828BAE-01E9-4EB4-BD70-EE3611F05828}.Release|TwinCAT OS (x64-E).ActiveCfg = Release|TwinCAT CE7 (ARMV7)
		{F5828BAE-01E9-4EB4-BD70-EE3611F05828}.Release|TwinCAT RT (x64).ActiveCfg = Release|TwinCAT RT (x64)
		{F5828BAE-01E9-4EB4-BD70-EE3611F05828}.Release|TwinCAT RT (x86).ActiveCfg = Release|TwinCAT RT (x86)
		{FC75DCED-3A88-453A-BF02-90391BF3174E}.Debug|TwinCAT CE7 (ARMV7).ActiveCfg = Debug|TwinCAT OS (ARMV7-A)
		{FC75DCED-3A88-453A-BF02-90391BF3174E}.Debug|TwinCAT CE7 (ARMV7).Build.0 = Debug|TwinCAT OS (ARMV7-A)
		{FC75DCED-3A88-453A-BF02-90391BF3174E}.Debug|TwinCAT OS (ARMT2).ActiveCfg = Debug|TwinCAT OS (x64-E)
		{FC75DCED-3A88-453A-BF02-90391BF3174E}.Debug|TwinCAT OS (ARMT2).Build.0 = Debug|TwinCAT OS (x64-E)
		{FC75DCED-3A88-453A-BF02-90391BF3174E}.Debug|TwinCAT OS (ARMV7-A).ActiveCfg = Debug|TwinCAT OS (ARMV7-A)
		{FC75DCED-3A88-453A-BF02-90391BF3174E}.Debug|TwinCAT OS (ARMV7-A).Build.0 = Debug|TwinCAT OS (ARMV7-A)
		{FC75DCED-3A88-453A-BF02-90391BF3174E}.Debug|TwinCAT OS (ARMV7-M).ActiveCfg = Debug|TwinCAT OS (ARMV7-M)
		{FC75DCED-3A88-453A-BF02-90391BF3174E}.Debug|TwinCAT OS (ARMV7-M).Build.0 = Debug|TwinCAT OS (ARMV7-M)
		{FC75DCED-3A88-453A-BF02-90391BF3174E}.Debug|TwinCAT OS (ARMV8-A).ActiveCfg = Debug|TwinCAT OS (ARMV8-A)
		{FC75DCED-3A88-453A-BF02-90391BF3174E}.Debug|TwinCAT OS (ARMV8-A).Build.0 = Debug|TwinCAT OS (ARMV8-A)
		{FC75DCED-3A88-453A-BF02-90391BF3174E}.Debug|TwinCAT OS (x64).ActiveCfg = Debug|TwinCAT OS (x64)
		{FC75DCED-3A88-453A-BF02-90391BF3174E}.Debug|TwinCAT OS (x64).Build.0 = Debug|TwinCAT OS (x64)
		{FC75DCED-3A88-453A-BF02-90391BF3174E}.Debug|TwinCAT OS (x64-E).ActiveCfg = Debug|TwinCAT OS (x64-E)
		{FC75DCED-3A88-453A-BF02-90391BF3174E}.Debug|TwinCAT OS (x64-E).Build.0 = Debug|TwinCAT OS (x64-E)
		{FC75DCED-3A88-453A-BF02-90391BF3174E}.Debug|TwinCAT RT (x64).ActiveCfg = Debug|TwinCAT RT (x64)
		{FC75DCED-3A88-453A-BF02-90391BF3174E}.Debug|TwinCAT RT (x64).Build.0 = Debug|TwinCAT RT (x64)
		{FC75DCED-3A88-453A-BF02-90391BF3174E}.Debug|TwinCAT RT (x86).ActiveCfg = Debug|TwinCAT RT (x86)
		{FC75DCED-3A88-453A-BF02-90391BF3174E}.Debug|TwinCAT RT (x86).Build.0 = Debug|TwinCAT RT (x86)
		{FC75DCED-3A88-453A-BF02-90391BF3174E}.Release|TwinCAT CE7 (ARMV7).ActiveCfg = Release|TwinCAT OS (ARMV7-A)
		{FC75DCED-3A88-453A-BF02-90391BF3174E}.Release|TwinCAT CE7 (ARMV7).Build.0 = Release|TwinCAT OS (ARMV7-A)
		{FC75DCED-3A88-453A-BF02-90391BF3174E}.Release|TwinCAT OS (ARMT2).ActiveCfg = Release|TwinCAT OS (x64-E)
		{FC75DCED-3A88-453A-BF02-90391BF3174E}.Release|TwinCAT OS (ARMT2).Build.0 = Release|TwinCAT OS (x64-E)
		{FC75DCED-3A88-453A-BF02-90391BF3174E}.Release|TwinCAT OS (ARMV7-A).ActiveCfg = Release|TwinCAT OS (ARMV7-A)
		{FC75DCED-3A88-453A-BF02-90391BF3174E}.Release|TwinCAT OS (ARMV7-A).Build.0 = Release|TwinCAT OS (ARMV7-A)
		{FC75DCED-3A88-453A-BF02-90391BF3174E}.Release|TwinCAT OS (ARMV7-M).ActiveCfg = Release|TwinCAT OS (ARMV7-M)
		{FC75DCED-3A88-453A-BF02-90391BF3174E}.Release|TwinCAT OS (ARMV7-M).Build.0 = Release|TwinCAT OS (ARMV7-M)
		{FC75DCED-3A88-453A-BF02-90391BF3174E}.Release|TwinCAT OS (ARMV8-A).ActiveCfg = Release|TwinCAT OS (ARMV8-A)
		{FC75DCED-3A88-453A-BF02-90391BF3174E}.Release|TwinCAT OS (ARMV8-A).Build.0 = Release|TwinCAT OS (ARMV8-A)
		{FC75DCED-3A88-453A-BF02-90391BF3174E}.Release|TwinCAT OS (x64).ActiveCfg = Release|TwinCAT OS (x64)
		{FC75DCED-3A88-453A-BF02-90391BF3174E}.Release|TwinCAT OS (x64).Build.0 = Release|TwinCAT OS (x64)
		{FC75DCED-3A88-453A-BF02-90391BF3174E}.Release|TwinCAT OS (x64-E).ActiveCfg = Release|TwinCAT OS (x64-E)
		{FC75DCED-3A88-453A-BF02-90391BF3174E}.Release|TwinCAT OS (x64-E).Build.0 = Release|TwinCAT OS (x64-E)
		{FC75DCED-3A88-453A-BF02-90391BF3174E}.Release|TwinCAT RT (x64).ActiveCfg = Release|TwinCAT RT (x64)
		{FC75DCED-3A88-453A-BF02-90391BF3174E}.Release|TwinCAT RT (x64).Build.0 = Release|TwinCAT RT (x64)
		{FC75DCED-3A88-453A-BF02-90391BF3174E}.Release|TwinCAT RT (x86).ActiveCfg = Release|TwinCAT RT (x86)
		{FC75DCED-3A88-453A-BF02-90391BF3174E}.Release|TwinCAT RT (x86).Build.0 = Release|TwinCAT RT (x86)
	EndGlobalSection
	GlobalSection(SolutionProperties) = preSolution
		HideSolutionNode = FALSE
	EndGlobalSection
	GlobalSection(ExtensibilityGlobals) = postSolution
		SolutionGuid = {1DD3DF11-7E72-49BC-A107-89C8C46FCCD8}
	EndGlobalSection
EndGlobal
